// !$*UTF8*$!
{
	archiveVersion = 1;
	classes = {
	};
	objectVersion = 46;
	objects = {

/* Begin PBXBuildFile section */
		C51C01E01ABD6B1B00971D38 /* PARBroker.m in Sources */ = {isa = PBXBuildFile; fileRef = C51C01DF1ABD6B1B00971D38 /* PARBroker.m */; };
		C51C01E21ABD6D5600971D38 /* PARBrokerTest.m in Sources */ = {isa = PBXBuildFile; fileRef = C51C01E11ABD6D5600971D38 /* PARBrokerTest.m */; };
		C51C01E51ABD846200971D38 /* PARWallet.m in Sources */ = {isa = PBXBuildFile; fileRef = C51C01E41ABD846200971D38 /* PARWallet.m */; };
		C51C01EC1ABD8D5600971D38 /* PARTestViewController.m in Sources */ = {isa = PBXBuildFile; fileRef = C51C01EA1ABD8D5600971D38 /* PARTestViewController.m */; };
		C51C01ED1ABD8D5600971D38 /* PARTestViewController.xib in Resources */ = {isa = PBXBuildFile; fileRef = C51C01EB1ABD8D5600971D38 /* PARTestViewController.xib */; };
		C51C01F01ABD8E1E00971D38 /* PARTestVCTest.m in Sources */ = {isa = PBXBuildFile; fileRef = C51C01EF1ABD8E1E00971D38 /* PARTestVCTest.m */; };
		C58FA39C1AB353170095E1AB /* main.m in Sources */ = {isa = PBXBuildFile; fileRef = C58FA39B1AB353170095E1AB /* main.m */; };
		C58FA39F1AB353170095E1AB /* AppDelegate.m in Sources */ = {isa = PBXBuildFile; fileRef = C58FA39E1AB353170095E1AB /* AppDelegate.m */; };
		C58FA3A11AB353170095E1AB /* Images.xcassets in Resources */ = {isa = PBXBuildFile; fileRef = C58FA3A01AB353170095E1AB /* Images.xcassets */; };
		C58FA3A41AB353170095E1AB /* LaunchScreen.xib in Resources */ = {isa = PBXBuildFile; fileRef = C58FA3A21AB353170095E1AB /* LaunchScreen.xib */; };
		C58FA3C61AB361DF0095E1AB /* PARMoney.m in Sources */ = {isa = PBXBuildFile; fileRef = C58FA3C51AB361DF0095E1AB /* PARMoney.m */; };
		C58FA3C91AB363D70095E1AB /* NSObject+GNUstepBase.m in Sources */ = {isa = PBXBuildFile; fileRef = C58FA3C81AB363D70095E1AB /* NSObject+GNUstepBase.m */; };
		C58FA3CC1AB365910095E1AB /* PARMoneyTest.m in Sources */ = {isa = PBXBuildFile; fileRef = C58FA3CB1AB365910095E1AB /* PARMoneyTest.m */; };
/* End PBXBuildFile section */

/* Begin PBXContainerItemProxy section */
		C58FA3AA1AB353170095E1AB /* PBXContainerItemProxy */ = {
			isa = PBXContainerItemProxy;
			containerPortal = C58FA38E1AB353170095E1AB /* Project object */;
			proxyType = 1;
			remoteGlobalIDString = C58FA3951AB353170095E1AB;
			remoteInfo = Wallet;
		};
/* End PBXContainerItemProxy section */

/* Begin PBXFileReference section */
		C51C01DE1ABD6B1B00971D38 /* PARBroker.h */ = {isa = PBXFileReference; fileEncoding = 4; lastKnownFileType = sourcecode.c.h; path = PARBroker.h; sourceTree = "<group>"; };
		C51C01DF1ABD6B1B00971D38 /* PARBroker.m */ = {isa = PBXFileReference; fileEncoding = 4; lastKnownFileType = sourcecode.c.objc; path = PARBroker.m; sourceTree = "<group>"; };
		C51C01E11ABD6D5600971D38 /* PARBrokerTest.m */ = {isa = PBXFileReference; fileEncoding = 4; lastKnownFileType = sourcecode.c.objc; path = PARBrokerTest.m; sourceTree = "<group>"; };
		C51C01E31ABD846200971D38 /* PARWallet.h */ = {isa = PBXFileReference; fileEncoding = 4; lastKnownFileType = sourcecode.c.h; path = PARWallet.h; sourceTree = "<group>"; };
		C51C01E41ABD846200971D38 /* PARWallet.m */ = {isa = PBXFileReference; fileEncoding = 4; lastKnownFileType = sourcecode.c.objc; path = PARWallet.m; sourceTree = "<group>"; };
		C51C01E91ABD8D5600971D38 /* PARTestViewController.h */ = {isa = PBXFileReference; fileEncoding = 4; lastKnownFileType = sourcecode.c.h; path = PARTestViewController.h; sourceTree = "<group>"; };
		C51C01EA1ABD8D5600971D38 /* PARTestViewController.m */ = {isa = PBXFileReference; fileEncoding = 4; lastKnownFileType = sourcecode.c.objc; path = PARTestViewController.m; sourceTree = "<group>"; };
		C51C01EB1ABD8D5600971D38 /* PARTestViewController.xib */ = {isa = PBXFileReference; fileEncoding = 4; lastKnownFileType = file.xib; path = PARTestViewController.xib; sourceTree = "<group>"; };
		C51C01EF1ABD8E1E00971D38 /* PARTestVCTest.m */ = {isa = PBXFileReference; fileEncoding = 4; lastKnownFileType = sourcecode.c.objc; path = PARTestVCTest.m; sourceTree = "<group>"; };
		C58FA3961AB353170095E1AB /* Wallet.app */ = {isa = PBXFileReference; explicitFileType = wrapper.application; includeInIndex = 0; path = Wallet.app; sourceTree = BUILT_PRODUCTS_DIR; };
		C58FA39A1AB353170095E1AB /* Info.plist */ = {isa = PBXFileReference; lastKnownFileType = text.plist.xml; path = Info.plist; sourceTree = "<group>"; };
		C58FA39B1AB353170095E1AB /* main.m */ = {isa = PBXFileReference; lastKnownFileType = sourcecode.c.objc; path = main.m; sourceTree = "<group>"; };
		C58FA39D1AB353170095E1AB /* AppDelegate.h */ = {isa = PBXFileReference; lastKnownFileType = sourcecode.c.h; path = AppDelegate.h; sourceTree = "<group>"; };
		C58FA39E1AB353170095E1AB /* AppDelegate.m */ = {isa = PBXFileReference; lastKnownFileType = sourcecode.c.objc; path = AppDelegate.m; sourceTree = "<group>"; };
		C58FA3A01AB353170095E1AB /* Images.xcassets */ = {isa = PBXFileReference; lastKnownFileType = folder.assetcatalog; path = Images.xcassets; sourceTree = "<group>"; };
		C58FA3A31AB353170095E1AB /* Base */ = {isa = PBXFileReference; lastKnownFileType = file.xib; name = Base; path = Base.lproj/LaunchScreen.xib; sourceTree = "<group>"; };
		C58FA3A91AB353170095E1AB /* WalletTests.xctest */ = {isa = PBXFileReference; explicitFileType = wrapper.cfbundle; includeInIndex = 0; path = WalletTests.xctest; sourceTree = BUILT_PRODUCTS_DIR; };
		C58FA3AE1AB353170095E1AB /* Info.plist */ = {isa = PBXFileReference; lastKnownFileType = text.plist.xml; path = Info.plist; sourceTree = "<group>"; };
		C58FA3C41AB361DF0095E1AB /* PARMoney.h */ = {isa = PBXFileReference; fileEncoding = 4; lastKnownFileType = sourcecode.c.h; path = PARMoney.h; sourceTree = "<group>"; };
		C58FA3C51AB361DF0095E1AB /* PARMoney.m */ = {isa = PBXFileReference; fileEncoding = 4; lastKnownFileType = sourcecode.c.objc; path = PARMoney.m; sourceTree = "<group>"; };
		C58FA3C71AB363D70095E1AB /* NSObject+GNUstepBase.h */ = {isa = PBXFileReference; fileEncoding = 4; lastKnownFileType = sourcecode.c.h; path = "NSObject+GNUstepBase.h"; sourceTree = "<group>"; };
		C58FA3C81AB363D70095E1AB /* NSObject+GNUstepBase.m */ = {isa = PBXFileReference; fileEncoding = 4; lastKnownFileType = sourcecode.c.objc; path = "NSObject+GNUstepBase.m"; sourceTree = "<group>"; };
		C58FA3CB1AB365910095E1AB /* PARMoneyTest.m */ = {isa = PBXFileReference; fileEncoding = 4; lastKnownFileType = sourcecode.c.objc; path = PARMoneyTest.m; sourceTree = "<group>"; };
/* End PBXFileReference section */

/* Begin PBXFrameworksBuildPhase section */
		C58FA3931AB353170095E1AB /* Frameworks */ = {
			isa = PBXFrameworksBuildPhase;
			buildActionMask = 2147483647;
			files = (
			);
			runOnlyForDeploymentPostprocessing = 0;
		};
		C58FA3A61AB353170095E1AB /* Frameworks */ = {
			isa = PBXFrameworksBuildPhase;
			buildActionMask = 2147483647;
			files = (
			);
			runOnlyForDeploymentPostprocessing = 0;
		};
/* End PBXFrameworksBuildPhase section */

/* Begin PBXGroup section */
		C51C01EE1ABD8D5B00971D38 /* Controllers */ = {
			isa = PBXGroup;
			children = (
				C51C01E91ABD8D5600971D38 /* PARTestViewController.h */,
				C51C01EA1ABD8D5600971D38 /* PARTestViewController.m */,
				C51C01EB1ABD8D5600971D38 /* PARTestViewController.xib */,
			);
			name = Controllers;
			sourceTree = "<group>";
		};
		C58FA38D1AB353170095E1AB = {
			isa = PBXGroup;
			children = (
				C58FA3981AB353170095E1AB /* Wallet */,
				C58FA3AC1AB353170095E1AB /* WalletTests */,
				C58FA3971AB353170095E1AB /* Products */,
			);
			sourceTree = "<group>";
		};
		C58FA3971AB353170095E1AB /* Products */ = {
			isa = PBXGroup;
			children = (
				C58FA3961AB353170095E1AB /* Wallet.app */,
				C58FA3A91AB353170095E1AB /* WalletTests.xctest */,
			);
			name = Products;
			sourceTree = "<group>";
		};
		C58FA3981AB353170095E1AB /* Wallet */ = {
			isa = PBXGroup;
			children = (
				C58FA39D1AB353170095E1AB /* AppDelegate.h */,
				C58FA39E1AB353170095E1AB /* AppDelegate.m */,
				C51C01EE1ABD8D5B00971D38 /* Controllers */,
				C58FA3CA1AB363DC0095E1AB /* Categories */,
				C58FA3BE1AB355930095E1AB /* Model */,
				C58FA3A01AB353170095E1AB /* Images.xcassets */,
				C58FA3A21AB353170095E1AB /* LaunchScreen.xib */,
				C58FA3991AB353170095E1AB /* Supporting Files */,
			);
			path = Wallet;
			sourceTree = "<group>";
		};
		C58FA3991AB353170095E1AB /* Supporting Files */ = {
			isa = PBXGroup;
			children = (
				C58FA39A1AB353170095E1AB /* Info.plist */,
				C58FA39B1AB353170095E1AB /* main.m */,
			);
			name = "Supporting Files";
			sourceTree = "<group>";
		};
		C58FA3AC1AB353170095E1AB /* WalletTests */ = {
			isa = PBXGroup;
			children = (
				C58FA3AD1AB353170095E1AB /* Supporting Files */,
				C58FA3CB1AB365910095E1AB /* PARMoneyTest.m */,
				C51C01E11ABD6D5600971D38 /* PARBrokerTest.m */,
				C51C01EF1ABD8E1E00971D38 /* PARTestVCTest.m */,
			);
			path = WalletTests;
			sourceTree = "<group>";
		};
		C58FA3AD1AB353170095E1AB /* Supporting Files */ = {
			isa = PBXGroup;
			children = (
				C58FA3AE1AB353170095E1AB /* Info.plist */,
			);
			name = "Supporting Files";
			sourceTree = "<group>";
		};
		C58FA3BE1AB355930095E1AB /* Model */ = {
			isa = PBXGroup;
			children = (
				C58FA3C41AB361DF0095E1AB /* PARMoney.h */,
				C58FA3C51AB361DF0095E1AB /* PARMoney.m */,
				C51C01DE1ABD6B1B00971D38 /* PARBroker.h */,
				C51C01DF1ABD6B1B00971D38 /* PARBroker.m */,
				C51C01E31ABD846200971D38 /* PARWallet.h */,
				C51C01E41ABD846200971D38 /* PARWallet.m */,
			);
			name = Model;
			sourceTree = "<group>";
		};
		C58FA3CA1AB363DC0095E1AB /* Categories */ = {
			isa = PBXGroup;
			children = (
				C58FA3C71AB363D70095E1AB /* NSObject+GNUstepBase.h */,
				C58FA3C81AB363D70095E1AB /* NSObject+GNUstepBase.m */,
			);
			name = Categories;
			path = ..;
			sourceTree = "<group>";
		};
/* End PBXGroup section */

/* Begin PBXNativeTarget section */
		C58FA3951AB353170095E1AB /* Wallet */ = {
			isa = PBXNativeTarget;
			buildConfigurationList = C58FA3B31AB353170095E1AB /* Build configuration list for PBXNativeTarget "Wallet" */;
			buildPhases = (
				C58FA3921AB353170095E1AB /* Sources */,
				C58FA3931AB353170095E1AB /* Frameworks */,
				C58FA3941AB353170095E1AB /* Resources */,
			);
			buildRules = (
			);
			dependencies = (
			);
			name = Wallet;
			productName = Wallet;
			productReference = C58FA3961AB353170095E1AB /* Wallet.app */;
			productType = "com.apple.product-type.application";
		};
		C58FA3A81AB353170095E1AB /* WalletTests */ = {
			isa = PBXNativeTarget;
			buildConfigurationList = C58FA3B61AB353170095E1AB /* Build configuration list for PBXNativeTarget "WalletTests" */;
			buildPhases = (
				C58FA3A51AB353170095E1AB /* Sources */,
				C58FA3A61AB353170095E1AB /* Frameworks */,
				C58FA3A71AB353170095E1AB /* Resources */,
			);
			buildRules = (
			);
			dependencies = (
				C58FA3AB1AB353170095E1AB /* PBXTargetDependency */,
			);
			name = WalletTests;
			productName = WalletTests;
			productReference = C58FA3A91AB353170095E1AB /* WalletTests.xctest */;
			productType = "com.apple.product-type.bundle.unit-test";
		};
/* End PBXNativeTarget section */

/* Begin PBXProject section */
		C58FA38E1AB353170095E1AB /* Project object */ = {
			isa = PBXProject;
			attributes = {
				LastUpgradeCheck = 0610;
				ORGANIZATIONNAME = "Pablo Parejo Camacho";
				TargetAttributes = {
					C58FA3951AB353170095E1AB = {
						CreatedOnToolsVersion = 6.1.1;
					};
					C58FA3A81AB353170095E1AB = {
						CreatedOnToolsVersion = 6.1.1;
						TestTargetID = C58FA3951AB353170095E1AB;
					};
				};
			};
			buildConfigurationList = C58FA3911AB353170095E1AB /* Build configuration list for PBXProject "Wallet" */;
			compatibilityVersion = "Xcode 3.2";
			developmentRegion = English;
			hasScannedForEncodings = 0;
			knownRegions = (
				en,
				Base,
			);
			mainGroup = C58FA38D1AB353170095E1AB;
			productRefGroup = C58FA3971AB353170095E1AB /* Products */;
			projectDirPath = "";
			projectRoot = "";
			targets = (
				C58FA3951AB353170095E1AB /* Wallet */,
				C58FA3A81AB353170095E1AB /* WalletTests */,
			);
		};
/* End PBXProject section */

/* Begin PBXResourcesBuildPhase section */
		C58FA3941AB353170095E1AB /* Resources */ = {
			isa = PBXResourcesBuildPhase;
			buildActionMask = 2147483647;
			files = (
				C58FA3A41AB353170095E1AB /* LaunchScreen.xib in Resources */,
				C51C01ED1ABD8D5600971D38 /* PARTestViewController.xib in Resources */,
				C58FA3A11AB353170095E1AB /* Images.xcassets in Resources */,
			);
			runOnlyForDeploymentPostprocessing = 0;
		};
		C58FA3A71AB353170095E1AB /* Resources */ = {
			isa = PBXResourcesBuildPhase;
			buildActionMask = 2147483647;
			files = (
			);
			runOnlyForDeploymentPostprocessing = 0;
		};
/* End PBXResourcesBuildPhase section */

/* Begin PBXSourcesBuildPhase section */
		C58FA3921AB353170095E1AB /* Sources */ = {
			isa = PBXSourcesBuildPhase;
			buildActionMask = 2147483647;
			files = (
				C51C01EC1ABD8D5600971D38 /* PARTestViewController.m in Sources */,
				C58FA39F1AB353170095E1AB /* AppDelegate.m in Sources */,
				C58FA39C1AB353170095E1AB /* main.m in Sources */,
				C58FA3C61AB361DF0095E1AB /* PARMoney.m in Sources */,
				C51C01E01ABD6B1B00971D38 /* PARBroker.m in Sources */,
				C51C01E51ABD846200971D38 /* PARWallet.m in Sources */,
				C58FA3C91AB363D70095E1AB /* NSObject+GNUstepBase.m in Sources */,
			);
			runOnlyForDeploymentPostprocessing = 0;
		};
		C58FA3A51AB353170095E1AB /* Sources */ = {
			isa = PBXSourcesBuildPhase;
			buildActionMask = 2147483647;
			files = (
				C51C01E21ABD6D5600971D38 /* PARBrokerTest.m in Sources */,
				C51C01F01ABD8E1E00971D38 /* PARTestVCTest.m in Sources */,
				C58FA3CC1AB365910095E1AB /* PARMoneyTest.m in Sources */,
			);
			runOnlyForDeploymentPostprocessing = 0;
		};
/* End PBXSourcesBuildPhase section */

/* Begin PBXTargetDependency section */
		C58FA3AB1AB353170095E1AB /* PBXTargetDependency */ = {
			isa = PBXTargetDependency;
			target = C58FA3951AB353170095E1AB /* Wallet */;
			targetProxy = C58FA3AA1AB353170095E1AB /* PBXContainerItemProxy */;
		};
/* End PBXTargetDependency section */

/* Begin PBXVariantGroup section */
		C58FA3A21AB353170095E1AB /* LaunchScreen.xib */ = {
			isa = PBXVariantGroup;
			children = (
				C58FA3A31AB353170095E1AB /* Base */,
			);
			name = LaunchScreen.xib;
			sourceTree = "<group>";
		};
/* End PBXVariantGroup section */

/* Begin XCBuildConfiguration section */
		C58FA3B11AB353170095E1AB /* Debug */ = {
			isa = XCBuildConfiguration;
			buildSettings = {
				ALWAYS_SEARCH_USER_PATHS = NO;
				CLANG_CXX_LANGUAGE_STANDARD = "gnu++0x";
				CLANG_CXX_LIBRARY = "libc++";
				CLANG_ENABLE_MODULES = YES;
				CLANG_ENABLE_OBJC_ARC = YES;
				CLANG_WARN_BOOL_CONVERSION = YES;
				CLANG_WARN_CONSTANT_CONVERSION = YES;
				CLANG_WARN_DIRECT_OBJC_ISA_USAGE = YES_ERROR;
				CLANG_WARN_EMPTY_BODY = YES;
				CLANG_WARN_ENUM_CONVERSION = YES;
				CLANG_WARN_INT_CONVERSION = YES;
				CLANG_WARN_OBJC_ROOT_CLASS = YES_ERROR;
				CLANG_WARN_UNREACHABLE_CODE = YES;
				CLANG_WARN__DUPLICATE_METHOD_MATCH = YES;
				"CODE_SIGN_IDENTITY[sdk=iphoneos*]" = "iPhone Developer";
				COPY_PHASE_STRIP = NO;
				ENABLE_STRICT_OBJC_MSGSEND = YES;
				GCC_C_LANGUAGE_STANDARD = gnu99;
				GCC_DYNAMIC_NO_PIC = NO;
				GCC_OPTIMIZATION_LEVEL = 0;
				GCC_PREPROCESSOR_DEFINITIONS = (
					"DEBUG=1",
					"$(inherited)",
				);
				GCC_SYMBOLS_PRIVATE_EXTERN = NO;
				GCC_WARN_64_TO_32_BIT_CONVERSION = YES;
				GCC_WARN_ABOUT_RETURN_TYPE = YES_ERROR;
				GCC_WARN_UNDECLARED_SELECTOR = YES;
				GCC_WARN_UNINITIALIZED_AUTOS = YES_AGGRESSIVE;
				GCC_WARN_UNUSED_FUNCTION = YES;
				GCC_WARN_UNUSED_VARIABLE = YES;
				IPHONEOS_DEPLOYMENT_TARGET = 8.1;
				MTL_ENABLE_DEBUG_INFO = YES;
				ONLY_ACTIVE_ARCH = YES;
				SDKROOT = iphoneos;
			};
			name = Debug;
		};
		C58FA3B21AB353170095E1AB /* Release */ = {
			isa = XCBuildConfiguration;
			buildSettings = {
				ALWAYS_SEARCH_USER_PATHS = NO;
				CLANG_CXX_LANGUAGE_STANDARD = "gnu++0x";
				CLANG_CXX_LIBRARY = "libc++";
				CLANG_ENABLE_MODULES = YES;
				CLANG_ENABLE_OBJC_ARC = YES;
				CLANG_WARN_BOOL_CONVERSION = YES;
				CLANG_WARN_CONSTANT_CONVERSION = YES;
				CLANG_WARN_DIRECT_OBJC_ISA_USAGE = YES_ERROR;
				CLANG_WARN_EMPTY_BODY = YES;
				CLANG_WARN_ENUM_CONVERSION = YES;
				CLANG_WARN_INT_CONVERSION = YES;
				CLANG_WARN_OBJC_ROOT_CLASS = YES_ERROR;
				CLANG_WARN_UNREACHABLE_CODE = YES;
				CLANG_WARN__DUPLICATE_METHOD_MATCH = YES;
				"CODE_SIGN_IDENTITY[sdk=iphoneos*]" = "iPhone Developer";
				COPY_PHASE_STRIP = YES;
				ENABLE_NS_ASSERTIONS = NO;
				ENABLE_STRICT_OBJC_MSGSEND = YES;
				GCC_C_LANGUAGE_STANDARD = gnu99;
				GCC_WARN_64_TO_32_BIT_CONVERSION = YES;
				GCC_WARN_ABOUT_RETURN_TYPE = YES_ERROR;
				GCC_WARN_UNDECLARED_SELECTOR = YES;
				GCC_WARN_UNINITIALIZED_AUTOS = YES_AGGRESSIVE;
				GCC_WARN_UNUSED_FUNCTION = YES;
				GCC_WARN_UNUSED_VARIABLE = YES;
				IPHONEOS_DEPLOYMENT_TARGET = 8.1;
				MTL_ENABLE_DEBUG_INFO = NO;
				SDKROOT = iphoneos;
				VALIDATE_PRODUCT = YES;
			};
			name = Release;
		};
		C58FA3B41AB353170095E1AB /* Debug */ = {
			isa = XCBuildConfiguration;
			buildSettings = {
				ASSETCATALOG_COMPILER_APPICON_NAME = AppIcon;
				INFOPLIST_FILE = Wallet/Info.plist;
				LD_RUNPATH_SEARCH_PATHS = "$(inherited) @executable_path/Frameworks";
				PRODUCT_NAME = "$(TARGET_NAME)";
			};
			name = Debug;
		};
		C58FA3B51AB353170095E1AB /* Release */ = {
			isa = XCBuildConfiguration;
			buildSettings = {
				ASSETCATALOG_COMPILER_APPICON_NAME = AppIcon;
				INFOPLIST_FILE = Wallet/Info.plist;
				LD_RUNPATH_SEARCH_PATHS = "$(inherited) @executable_path/Frameworks";
				PRODUCT_NAME = "$(TARGET_NAME)";
			};
			name = Release;
		};
		C58FA3B71AB353170095E1AB /* Debug */ = {
			isa = XCBuildConfiguration;
			buildSettings = {
				BUNDLE_LOADER = "$(TEST_HOST)";
				FRAMEWORK_SEARCH_PATHS = (
					"$(SDKROOT)/Developer/Library/Frameworks",
					"$(inherited)",
				);
				GCC_PREPROCESSOR_DEFINITIONS = (
					"DEBUG=1",
					"$(inherited)",
				);
				INFOPLIST_FILE = WalletTests/Info.plist;
				LD_RUNPATH_SEARCH_PATHS = "$(inherited) @executable_path/Frameworks @loader_path/Frameworks";
				PRODUCT_NAME = "$(TARGET_NAME)";
				TEST_HOST = "$(BUILT_PRODUCTS_DIR)/Wallet.app/Wallet";
			};
			name = Debug;
		};
		C58FA3B81AB353170095E1AB /* Release */ = {
			isa = XCBuildConfiguration;
			buildSettings = {
				BUNDLE_LOADER = "$(TEST_HOST)";
				FRAMEWORK_SEARCH_PATHS = (
					"$(SDKROOT)/Developer/Library/Frameworks",
					"$(inherited)",
				);
				INFOPLIST_FILE = WalletTests/Info.plist;
				LD_RUNPATH_SEARCH_PATHS = "$(inherited) @executable_path/Frameworks @loader_path/Frameworks";
				PRODUCT_NAME = "$(TARGET_NAME)";
				TEST_HOST = "$(BUILT_PRODUCTS_DIR)/Wallet.app/Wallet";
			};
			name = Release;
		};
/* End XCBuildConfiguration section */

/* Begin XCConfigurationList section */
		C58FA3911AB353170095E1AB /* Build configuration list for PBXProject "Wallet" */ = {
			isa = XCConfigurationList;
			buildConfigurations = (
				C58FA3B11AB353170095E1AB /* Debug */,
				C58FA3B21AB353170095E1AB /* Release */,
			);
			defaultConfigurationIsVisible = 0;
			defaultConfigurationName = Release;
		};
		C58FA3B31AB353170095E1AB /* Build configuration list for PBXNativeTarget "Wallet" */ = {
			isa = XCConfigurationList;
			buildConfigurations = (
				C58FA3B41AB353170095E1AB /* Debug */,
				C58FA3B51AB353170095E1AB /* Release */,
			);
			defaultConfigurationIsVisible = 0;
			defaultConfigurationName = Release;
		};
		C58FA3B61AB353170095E1AB /* Build configuration list for PBXNativeTarget "WalletTests" */ = {
			isa = XCConfigurationList;
			buildConfigurations = (
				C58FA3B71AB353170095E1AB /* Debug */,
				C58FA3B81AB353170095E1AB /* Release */,
			);
			defaultConfigurationIsVisible = 0;
			defaultConfigurationName = Release;
		};
/* End XCConfigurationList section */
	};
	rootObject = C58FA38E1AB353170095E1AB /* Project object */;
}
